# This file is automatically @generated by Cargo.
# It is not intended for manual editing.
version = 4

[[package]]
name = "abi-rs"
version = "0.1.0"

[[package]]
name = "control-rs"
version = "0.1.0"
dependencies = [
 "abi-rs",
 "presets-rs",
]

[[package]]
name = "midi-rs"
version = "0.1.0"
dependencies = [
 "abi-rs",
]

[[package]]
name = "presets-rs"
version = "0.1.0"
